
Microsoft Visual Studio Solution File, Format Version 12.00
# Visual Studio Version 17
VisualStudioVersion = 17.13.35828.75
MinimumVisualStudioVersion = 10.0.40219.1
Project("{FAE04EC0-301F-11D3-BF4B-00C04F79EFBC}") = "ClassTimetableMaker", "ClassTimetableMaker\ClassTimetableMaker.csproj", "{45049CF6-CAFF-431B-9BB5-F0486D902E8F}"
EndProject
Project("{FAE04EC0-301F-11D3-BF4B-00C04F79EFBC}") = "testApp", "testApp\testApp.csproj", "{67972973-8350-4D58-8216-3E01D30640FD}"
EndProject
Project("{FAE04EC0-301F-11D3-BF4B-00C04F79EFBC}") = "test", "test\test.csproj", "{A8B168CC-F442-4BA9-80D2-BBCEB67BF865}"
EndProject
Global
	GlobalSection(SolutionConfigurationPlatforms) = preSolution
		Debug|Any CPU = Debug|Any CPU
		Release|Any CPU = Release|Any CPU
	EndGlobalSection
	GlobalSection(ProjectConfigurationPlatforms) = postSolution
		{45049CF6-CAFF-431B-9BB5-F0486D902E8F}.Debug|Any CPU.ActiveCfg = Debug|Any CPU
		{45049CF6-CAFF-431B-9BB5-F0486D902E8F}.Debug|Any CPU.Build.0 = Debug|Any CPU
		{45049CF6-CAFF-431B-9BB5-F0486D902E8F}.Release|Any CPU.ActiveCfg = Release|Any CPU
		{45049CF6-CAFF-431B-9BB5-F0486D902E8F}.Release|Any CPU.Build.0 = Release|Any CPU
		{67972973-8350-4D58-8216-3E01D30640FD}.Debug|Any CPU.ActiveCfg = Debug|Any CPU
		{67972973-8350-4D58-8216-3E01D30640FD}.Debug|Any CPU.Build.0 = Debug|Any CPU
		{67972973-8350-4D58-8216-3E01D30640FD}.Release|Any CPU.ActiveCfg = Release|Any CPU
		{67972973-8350-4D58-8216-3E01D30640FD}.Release|Any CPU.Build.0 = Release|Any CPU
		{A8B168CC-F442-4BA9-80D2-BBCEB67BF865}.Debug|Any CPU.ActiveCfg = Debug|Any CPU
		{A8B168CC-F442-4BA9-80D2-BBCEB67BF865}.Debug|Any CPU.Build.0 = Debug|Any CPU
		{A8B168CC-F442-4BA9-80D2-BBCEB67BF865}.Release|Any CPU.ActiveCfg = Release|Any CPU
		{A8B168CC-F442-4BA9-80D2-BBCEB67BF865}.Release|Any CPU.Build.0 = Release|Any CPU
	EndGlobalSection
	GlobalSection(SolutionProperties) = preSolution
		HideSolutionNode = FALSE
	EndGlobalSection
	GlobalSection(ExtensibilityGlobals) = postSolution
		SolutionGuid = {DFFCE034-030D-4A60-AB4F-D57473DC7AE8}
	EndGlobalSection
EndGlobal
